// !$*UTF8*$!
{
	archiveVersion = 1;
	classes = {
	};
	objectVersion = 50;
	objects = {

/* Begin PBXBuildFile section */
		7A56C95A007898E3A03BE511 /* Pods_Visited_places.framework in Frameworks */ = {isa = PBXBuildFile; fileRef = 1C60AF1F272CC9EAB173398E /* Pods_Visited_places.framework */; };
		7F3C3D2621E605FD003860BB /* AppDelegate.swift in Sources */ = {isa = PBXBuildFile; fileRef = 7F3C3D2521E605FD003860BB /* AppDelegate.swift */; };
		7F3C3D2821E605FD003860BB /* ViewController.swift in Sources */ = {isa = PBXBuildFile; fileRef = 7F3C3D2721E605FD003860BB /* ViewController.swift */; };
		7F3C3D2B21E605FD003860BB /* Main.storyboard in Resources */ = {isa = PBXBuildFile; fileRef = 7F3C3D2921E605FD003860BB /* Main.storyboard */; };
		7F3C3D3021E605FF003860BB /* LaunchScreen.storyboard in Resources */ = {isa = PBXBuildFile; fileRef = 7F3C3D2E21E605FF003860BB /* LaunchScreen.storyboard */; };
		7F8841842212D94A004B88A9 /* RegistroController.swift in Sources */ = {isa = PBXBuildFile; fileRef = 7F8841832212D94A004B88A9 /* RegistroController.swift */; };
		7F975B5721F7542E0063E6E7 /* Assets.xcassets in Resources */ = {isa = PBXBuildFile; fileRef = 7F975B5621F7542E0063E6E7 /* Assets.xcassets */; };
/* End PBXBuildFile section */

/* Begin PBXFileReference section */
		1C60AF1F272CC9EAB173398E /* Pods_Visited_places.framework */ = {isa = PBXFileReference; explicitFileType = wrapper.framework; includeInIndex = 0; path = Pods_Visited_places.framework; sourceTree = BUILT_PRODUCTS_DIR; };
		6D806BFA3A24B369D301E034 /* Pods-Visited_places.release.xcconfig */ = {isa = PBXFileReference; includeInIndex = 1; lastKnownFileType = text.xcconfig; name = "Pods-Visited_places.release.xcconfig"; path = "Target Support Files/Pods-Visited_places/Pods-Visited_places.release.xcconfig"; sourceTree = "<group>"; };
		7F3C3D2221E605FD003860BB /* Visited_places.app */ = {isa = PBXFileReference; explicitFileType = wrapper.application; includeInIndex = 0; path = Visited_places.app; sourceTree = BUILT_PRODUCTS_DIR; };
		7F3C3D2521E605FD003860BB /* AppDelegate.swift */ = {isa = PBXFileReference; lastKnownFileType = sourcecode.swift; path = AppDelegate.swift; sourceTree = "<group>"; };
		7F3C3D2721E605FD003860BB /* ViewController.swift */ = {isa = PBXFileReference; lastKnownFileType = sourcecode.swift; path = ViewController.swift; sourceTree = "<group>"; };
		7F3C3D2A21E605FD003860BB /* Base */ = {isa = PBXFileReference; lastKnownFileType = file.storyboard; name = Base; path = Base.lproj/Main.storyboard; sourceTree = "<group>"; };
		7F3C3D2F21E605FF003860BB /* Base */ = {isa = PBXFileReference; lastKnownFileType = file.storyboard; name = Base; path = Base.lproj/LaunchScreen.storyboard; sourceTree = "<group>"; };
		7F3C3D3121E605FF003860BB /* Info.plist */ = {isa = PBXFileReference; lastKnownFileType = text.plist.xml; path = Info.plist; sourceTree = "<group>"; };
		7F8841832212D94A004B88A9 /* RegistroController.swift */ = {isa = PBXFileReference; lastKnownFileType = sourcecode.swift; path = RegistroController.swift; sourceTree = "<group>"; };
		7F975B5621F7542E0063E6E7 /* Assets.xcassets */ = {isa = PBXFileReference; lastKnownFileType = folder.assetcatalog; path = Assets.xcassets; sourceTree = "<group>"; };
		E5C9ED172B5A977CB43C3E67 /* Pods-Visited_places.debug.xcconfig */ = {isa = PBXFileReference; includeInIndex = 1; lastKnownFileType = text.xcconfig; name = "Pods-Visited_places.debug.xcconfig"; path = "Target Support Files/Pods-Visited_places/Pods-Visited_places.debug.xcconfig"; sourceTree = "<group>"; };
/* End PBXFileReference section */

/* Begin PBXFrameworksBuildPhase section */
		7F3C3D1F21E605FD003860BB /* Frameworks */ = {
			isa = PBXFrameworksBuildPhase;
			buildActionMask = 2147483647;
			files = (
				7A56C95A007898E3A03BE511 /* Pods_Visited_places.framework in Frameworks */,
			);
			runOnlyForDeploymentPostprocessing = 0;
		};
/* End PBXFrameworksBuildPhase section */

/* Begin PBXGroup section */
		07A5C620981EC50E4BE68933 /* Pods */ = {
			isa = PBXGroup;
			children = (
				E5C9ED172B5A977CB43C3E67 /* Pods-Visited_places.debug.xcconfig */,
				6D806BFA3A24B369D301E034 /* Pods-Visited_places.release.xcconfig */,
			);
			path = Pods;
			sourceTree = "<group>";
		};
		429FE4D573CCCDAA8C6EE557 /* Frameworks */ = {
			isa = PBXGroup;
			children = (
				1C60AF1F272CC9EAB173398E /* Pods_Visited_places.framework */,
			);
			name = Frameworks;
			sourceTree = "<group>";
		};
		7F3C3D1921E605FD003860BB = {
			isa = PBXGroup;
			children = (
				7F3C3D2421E605FD003860BB /* Visited_places */,
				7F3C3D2321E605FD003860BB /* Products */,
				07A5C620981EC50E4BE68933 /* Pods */,
				429FE4D573CCCDAA8C6EE557 /* Frameworks */,
			);
			sourceTree = "<group>";
		};
		7F3C3D2321E605FD003860BB /* Products */ = {
			isa = PBXGroup;
			children = (
				7F3C3D2221E605FD003860BB /* Visited_places.app */,
			);
			name = Products;
			sourceTree = "<group>";
		};
		7F3C3D2421E605FD003860BB /* Visited_places */ = {
			isa = PBXGroup;
			children = (
				7F3C3D2521E605FD003860BB /* AppDelegate.swift */,
				7F8841832212D94A004B88A9 /* RegistroController.swift */,
				7F3C3D2721E605FD003860BB /* ViewController.swift */,
				7F3C3D2921E605FD003860BB /* Main.storyboard */,
				7F975B5621F7542E0063E6E7 /* Assets.xcassets */,
				7F3C3D2E21E605FF003860BB /* LaunchScreen.storyboard */,
				7F3C3D3121E605FF003860BB /* Info.plist */,
			);
			path = Visited_places;
			sourceTree = "<group>";
		};
/* End PBXGroup section */

/* Begin PBXNativeTarget section */
		7F3C3D2121E605FD003860BB /* Visited_places */ = {
			isa = PBXNativeTarget;
			buildConfigurationList = 7F3C3D3421E605FF003860BB /* Build configuration list for PBXNativeTarget "Visited_places" */;
			buildPhases = (
				E9CAD7C87344A406320F3D5A /* [CP] Check Pods Manifest.lock */,
				7F3C3D1E21E605FD003860BB /* Sources */,
				7F3C3D1F21E605FD003860BB /* Frameworks */,
				7F3C3D2021E605FD003860BB /* Resources */,
				88E1FBF32388DA4675A28340 /* [CP] Embed Pods Frameworks */,
			);
			buildRules = (
			);
			dependencies = (
			);
			name = Visited_places;
			productName = Visited_places;
			productReference = 7F3C3D2221E605FD003860BB /* Visited_places.app */;
			productType = "com.apple.product-type.application";
		};
/* End PBXNativeTarget section */

/* Begin PBXProject section */
		7F3C3D1A21E605FD003860BB /* Project object */ = {
			isa = PBXProject;
			attributes = {
				LastSwiftUpdateCheck = 0940;
				LastUpgradeCheck = 0940;
				ORGANIZATIONNAME = alumnos;
				TargetAttributes = {
					7F3C3D2121E605FD003860BB = {
						CreatedOnToolsVersion = 9.4.1;
					};
				};
			};
			buildConfigurationList = 7F3C3D1D21E605FD003860BB /* Build configuration list for PBXProject "Visited_places" */;
			compatibilityVersion = "Xcode 9.3";
			developmentRegion = en;
			hasScannedForEncodings = 0;
			knownRegions = (
				en,
				Base,
			);
			mainGroup = 7F3C3D1921E605FD003860BB;
			productRefGroup = 7F3C3D2321E605FD003860BB /* Products */;
			projectDirPath = "";
			projectRoot = "";
			targets = (
				7F3C3D2121E605FD003860BB /* Visited_places */,
			);
		};
/* End PBXProject section */

/* Begin PBXResourcesBuildPhase section */
		7F3C3D2021E605FD003860BB /* Resources */ = {
			isa = PBXResourcesBuildPhase;
			buildActionMask = 2147483647;
			files = (
				7F3C3D3021E605FF003860BB /* LaunchScreen.storyboard in Resources */,
				7F975B5721F7542E0063E6E7 /* Assets.xcassets in Resources */,
				7F3C3D2B21E605FD003860BB /* Main.storyboard in Resources */,
			);
			runOnlyForDeploymentPostprocessing = 0;
		};
/* End PBXResourcesBuildPhase section */

/* Begin PBXShellScriptBuildPhase section */
		88E1FBF32388DA4675A28340 /* [CP] Embed Pods Frameworks */ = {
			isa = PBXShellScriptBuildPhase;
			buildActionMask = 2147483647;
			files = (
			);
			inputPaths = (
				"${PODS_ROOT}/Target Support Files/Pods-Visited_places/Pods-Visited_places-frameworks.sh",
				"${BUILT_PRODUCTS_DIR}/Alamofire/Alamofire.framework",
			);
			name = "[CP] Embed Pods Frameworks";
			outputPaths = (
				"${TARGET_BUILD_DIR}/${FRAMEWORKS_FOLDER_PATH}/Alamofire.framework",
			);
			runOnlyForDeploymentPostprocessing = 0;
			shellPath = /bin/sh;
			shellScript = "\"${PODS_ROOT}/Target Support Files/Pods-Visited_places/Pods-Visited_places-frameworks.sh\"\n";
			showEnvVarsInLog = 0;
		};
		E9CAD7C87344A406320F3D5A /* [CP] Check Pods Manifest.lock */ = {
			isa = PBXShellScriptBuildPhase;
			buildActionMask = 2147483647;
			files = (
			);
			inputPaths = (
				"${PODS_PODFILE_DIR_PATH}/Podfile.lock",
				"${PODS_ROOT}/Manifest.lock",
			);
			name = "[CP] Check Pods Manifest.lock";
			outputPaths = (
				"$(DERIVED_FILE_DIR)/Pods-Visited_places-checkManifestLockResult.txt",
			);
			runOnlyForDeploymentPostprocessing = 0;
			shellPath = /bin/sh;
			shellScript = "diff \"${PODS_PODFILE_DIR_PATH}/Podfile.lock\" \"${PODS_ROOT}/Manifest.lock\" > /dev/null\nif [ $? != 0 ] ; then\n    # print error to STDERR\n    echo \"error: The sandbox is not in sync with the Podfile.lock. Run 'pod install' or update your CocoaPods installation.\" >&2\n    exit 1\nfi\n# This output is used by Xcode 'outputs' to avoid re-running this script phase.\necho \"SUCCESS\" > \"${SCRIPT_OUTPUT_FILE_0}\"\n";
			showEnvVarsInLog = 0;
		};
/* End PBXShellScriptBuildPhase section */

/* Begin PBXSourcesBuildPhase section */
		7F3C3D1E21E605FD003860BB /* Sources */ = {
			isa = PBXSourcesBuildPhase;
			buildActionMask = 2147483647;
			files = (
				7F3C3D2821E605FD003860BB /* ViewController.swift in Sources */,
				7F8841842212D94A004B88A9 /* RegistroController.swift in Sources */,
				7F3C3D2621E605FD003860BB /* AppDelegate.swift in Sources */,
			);
			runOnlyForDeploymentPostprocessing = 0;
		};
/* End PBXSourcesBuildPhase section */

/* Begin PBXVariantGroup section */
		7F3C3D2921E605FD003860BB /* Main.storyboard */ = {
			isa = PBXVariantGroup;
			children = (
				7F3C3D2A21E605FD003860BB /* Base */,
			);
			name = Main.storyboard;
			sourceTree = "<group>";
		};
		7F3C3D2E21E605FF003860BB /* LaunchScreen.storyboard */ = {
			isa = PBXVariantGroup;
			children = (
				7F3C3D2F21E605FF003860BB /* Base */,
			);
			name = LaunchScreen.storyboard;
			sourceTree = "<group>";
		};
/* End PBXVariantGroup section */

/* Begin XCBuildConfiguration section */
		7F3C3D3221E605FF003860BB /* Debug */ = {
			isa = XCBuildConfiguration;
			buildSettings = {
				ALWAYS_SEARCH_USER_PATHS = NO;
				CLANG_ANALYZER_NONNULL = YES;
				CLANG_ANALYZER_NUMBER_OBJECT_CONVERSION = YES_AGGRESSIVE;
				CLANG_CXX_LANGUAGE_STANDARD = "gnu++14";
				CLANG_CXX_LIBRARY = "libc++";
				CLANG_ENABLE_MODULES = YES;
				CLANG_ENABLE_OBJC_ARC = YES;
				CLANG_ENABLE_OBJC_WEAK = YES;
				CLANG_WARN_BLOCK_CAPTURE_AUTORELEASING = YES;
				CLANG_WARN_BOOL_CONVERSION = YES;
				CLANG_WARN_COMMA = YES;
				CLANG_WARN_CONSTANT_CONVERSION = YES;
				CLANG_WARN_DEPRECATED_OBJC_IMPLEMENTATIONS = YES;
				CLANG_WARN_DIRECT_OBJC_ISA_USAGE = YES_ERROR;
				CLANG_WARN_DOCUMENTATION_COMMENTS = YES;
				CLANG_WARN_EMPTY_BODY = YES;
				CLANG_WARN_ENUM_CONVERSION = YES;
				CLANG_WARN_INFINITE_RECURSION = YES;
				CLANG_WARN_INT_CONVERSION = YES;
				CLANG_WARN_NON_LITERAL_NULL_CONVERSION = YES;
				CLANG_WARN_OBJC_IMPLICIT_RETAIN_SELF = YES;
				CLANG_WARN_OBJC_LITERAL_CONVERSION = YES;
				CLANG_WARN_OBJC_ROOT_CLASS = YES_ERROR;
				CLANG_WARN_RANGE_LOOP_ANALYSIS = YES;
				CLANG_WARN_STRICT_PROTOTYPES = YES;
				CLANG_WARN_SUSPICIOUS_MOVE = YES;
				CLANG_WARN_UNGUARDED_AVAILABILITY = YES_AGGRESSIVE;
				CLANG_WARN_UNREACHABLE_CODE = YES;
				CLANG_WARN__DUPLICATE_METHOD_MATCH = YES;
				CODE_SIGN_IDENTITY = "iPhone Developer";
				COPY_PHASE_STRIP = NO;
				DEBUG_INFORMATION_FORMAT = dwarf;
				ENABLE_STRICT_OBJC_MSGSEND = YES;
				ENABLE_TESTABILITY = YES;
				GCC_C_LANGUAGE_STANDARD = gnu11;
				GCC_DYNAMIC_NO_PIC = NO;
				GCC_NO_COMMON_BLOCKS = YES;
				GCC_OPTIMIZATION_LEVEL = 0;
				GCC_PREPROCESSOR_DEFINITIONS = (
					"DEBUG=1",
					"$(inherited)",
				);
				GCC_WARN_64_TO_32_BIT_CONVERSION = YES;
				GCC_WARN_ABOUT_RETURN_TYPE = YES_ERROR;
				GCC_WARN_UNDECLARED_SELECTOR = YES;
				GCC_WARN_UNINITIALIZED_AUTOS = YES_AGGRESSIVE;
				GCC_WARN_UNUSED_FUNCTION = YES;
				GCC_WARN_UNUSED_VARIABLE = YES;
				IPHONEOS_DEPLOYMENT_TARGET = 11.4;
				MTL_ENABLE_DEBUG_INFO = YES;
				ONLY_ACTIVE_ARCH = YES;
				SDKROOT = iphoneos;
				SWIFT_ACTIVE_COMPILATION_CONDITIONS = DEBUG;
				SWIFT_OPTIMIZATION_LEVEL = "-Onone";
			};
			name = Debug;
		};
		7F3C3D3321E605FF003860BB /* Release */ = {
			isa = XCBuildConfiguration;
			buildSettings = {
				ALWAYS_SEARCH_USER_PATHS = NO;
				CLANG_ANALYZER_NONNULL = YES;
				CLANG_ANALYZER_NUMBER_OBJECT_CONVERSION = YES_AGGRESSIVE;
				CLANG_CXX_LANGUAGE_STANDARD = "gnu++14";
				CLANG_CXX_LIBRARY = "libc++";
				CLANG_ENABLE_MODULES = YES;
				CLANG_ENABLE_OBJC_ARC = YES;
				CLANG_ENABLE_OBJC_WEAK = YES;
				CLANG_WARN_BLOCK_CAPTURE_AUTORELEASING = YES;
				CLANG_WARN_BOOL_CONVERSION = YES;
				CLANG_WARN_COMMA = YES;
				CLANG_WARN_CONSTANT_CONVERSION = YES;
				CLANG_WARN_DEPRECATED_OBJC_IMPLEMENTATIONS = YES;
				CLANG_WARN_DIRECT_OBJC_ISA_USAGE = YES_ERROR;
				CLANG_WARN_DOCUMENTATION_COMMENTS = YES;
				CLANG_WARN_EMPTY_BODY = YES;
				CLANG_WARN_ENUM_CONVERSION = YES;
				CLANG_WARN_INFINITE_RECURSION = YES;
				CLANG_WARN_INT_CONVERSION = YES;
				CLANG_WARN_NON_LITERAL_NULL_CONVERSION = YES;
				CLANG_WARN_OBJC_IMPLICIT_RETAIN_SELF = YES;
				CLANG_WARN_OBJC_LITERAL_CONVERSION = YES;
				CLANG_WARN_OBJC_ROOT_CLASS = YES_ERROR;
				CLANG_WARN_RANGE_LOOP_ANALYSIS = YES;
				CLANG_WARN_STRICT_PROTOTYPES = YES;
				CLANG_WARN_SUSPICIOUS_MOVE = YES;
				CLANG_WARN_UNGUARDED_AVAILABILITY = YES_AGGRESSIVE;
				CLANG_WARN_UNREACHABLE_CODE = YES;
				CLANG_WARN__DUPLICATE_METHOD_MATCH = YES;
				CODE_SIGN_IDENTITY = "iPhone Developer";
				COPY_PHASE_STRIP = NO;
				DEBUG_INFORMATION_FORMAT = "dwarf-with-dsym";
				ENABLE_NS_ASSERTIONS = NO;
				ENABLE_STRICT_OBJC_MSGSEND = YES;
				GCC_C_LANGUAGE_STANDARD = gnu11;
				GCC_NO_COMMON_BLOCKS = YES;
				GCC_WARN_64_TO_32_BIT_CONVERSION = YES;
				GCC_WARN_ABOUT_RETURN_TYPE = YES_ERROR;
				GCC_WARN_UNDECLARED_SELECTOR = YES;
				GCC_WARN_UNINITIALIZED_AUTOS = YES_AGGRESSIVE;
				GCC_WARN_UNUSED_FUNCTION = YES;
				GCC_WARN_UNUSED_VARIABLE = YES;
				IPHONEOS_DEPLOYMENT_TARGET = 11.4;
				MTL_ENABLE_DEBUG_INFO = NO;
				SDKROOT = iphoneos;
				SWIFT_COMPILATION_MODE = wholemodule;
				SWIFT_OPTIMIZATION_LEVEL = "-O";
				VALIDATE_PRODUCT = YES;
			};
			name = Release;
		};
		7F3C3D3521E605FF003860BB /* Debug */ = {
			isa = XCBuildConfiguration;
			baseConfigurationReference = E5C9ED172B5A977CB43C3E67 /* Pods-Visited_places.debug.xcconfig */;
			buildSettings = {
				ASSETCATALOG_COMPILER_APPICON_NAME = AppIcon;
				CODE_SIGN_STYLE = Automatic;
				INFOPLIST_FILE = Visited_places/Info.plist;
				LD_RUNPATH_SEARCH_PATHS = (
					"$(inherited)",
					"@executable_path/Frameworks",
				);
				PRODUCT_BUNDLE_IDENTIFIER = "Cev.Visited-places";
				PRODUCT_NAME = "$(TARGET_NAME)";
				SWIFT_VERSION = 4.0;
				TARGETED_DEVICE_FAMILY = "1,2";
			};
			name = Debug;
		};
		7F3C3D3621E605FF003860BB /* Release */ = {
			isa = XCBuildConfiguration;
			baseConfigurationReference = 6D806BFA3A24B369D301E034 /* Pods-Visited_places.release.xcconfig */;
			buildSettings = {
				ASSETCATALOG_COMPILER_APPICON_NAME = AppIcon;
				CODE_SIGN_STYLE = Automatic;
				INFOPLIST_FILE = Visited_places/Info.plist;
				LD_RUNPATH_SEARCH_PATHS = (
					"$(inherited)",
					"@executable_path/Frameworks",
				);
				PRODUCT_BUNDLE_IDENTIFIER = "Cev.Visited-places";
				PRODUCT_NAME = "$(TARGET_NAME)";
				SWIFT_VERSION = 4.0;
				TARGETED_DEVICE_FAMILY = "1,2";
			};
			name = Release;
		};
/* End XCBuildConfiguration section */

/* Begin XCConfigurationList section */
		7F3C3D1D21E605FD003860BB /* Build configuration list for PBXProject "Visited_places" */ = {
			isa = XCConfigurationList;
			buildConfigurations = (
				7F3C3D3221E605FF003860BB /* Debug */,
				7F3C3D3321E605FF003860BB /* Release */,
			);
			defaultConfigurationIsVisible = 0;
			defaultConfigurationName = Release;
		};
		7F3C3D3421E605FF003860BB /* Build configuration list for PBXNativeTarget "Visited_places" */ = {
			isa = XCConfigurationList;
			buildConfigurations = (
				7F3C3D3521E605FF003860BB /* Debug */,
				7F3C3D3621E605FF003860BB /* Release */,
			);
			defaultConfigurationIsVisible = 0;
			defaultConfigurationName = Release;
		};
/* End XCConfigurationList section */
	};
	rootObject = 7F3C3D1A21E605FD003860BB /* Project object */;
}
